
Microsoft Visual Studio Solution File, Format Version 12.00
# Visual Studio Version 17
VisualStudioVersion = 17.10.34928.147
MinimumVisualStudioVersion = 10.0.40219.1
Project("{FAE04EC0-301F-11D3-BF4B-00C04F79EFBC}") = "HmSimpleHttpServer", "HmSimpleHttpServer\HmSimpleHttpServer.csproj", "{3F620203-D4A5-43D9-9D83-D94983D014A2}"
EndProject
Global
	GlobalSection(SolutionConfigurationPlatforms) = preSolution
		Debug|Any CPU = Debug|Any CPU
		Release|Any CPU = Release|Any CPU
	EndGlobalSection
	GlobalSection(ProjectConfigurationPlatforms) = postSolution
		{3F620203-D4A5-43D9-9D83-D94983D014A2}.Debug|Any CPU.ActiveCfg = Debug|Any CPU
		{3F620203-D4A5-43D9-9D83-D94983D014A2}.Debug|Any CPU.Build.0 = Debug|Any CPU
		{3F620203-D4A5-43D9-9D83-D94983D014A2}.Release|Any CPU.ActiveCfg = Release|Any CPU
		{3F620203-D4A5-43D9-9D83-D94983D014A2}.Release|Any CPU.Build.0 = Release|Any CPU
	EndGlobalSection
	GlobalSection(SolutionProperties) = preSolution
		HideSolutionNode = FALSE
	EndGlobalSection
	GlobalSection(ExtensibilityGlobals) = postSolution
		SolutionGuid = {88487EDD-C289-4E31-A698-90A8BC072E4A}
	EndGlobalSection
EndGlobal
